
Microsoft Visual Studio Solution File, Format Version 12.00
# Visual Studio 15
VisualStudioVersion = 15.0.28307.271
MinimumVisualStudioVersion = 10.0.40219.1
Project("{FAE04EC0-301F-11D3-BF4B-00C04F79EFBC}") = "Bachup", "Bachup\Bachup.csproj", "{38CF9699-66F5-49A6-B590-FBF37A478C41}"
EndProject
Global
	GlobalSection(SolutionConfigurationPlatforms) = preSolution
		Debug|Any CPU = Debug|Any CPU
		Release|Any CPU = Release|Any CPU
	EndGlobalSection
	GlobalSection(ProjectConfigurationPlatforms) = postSolution
		{38CF9699-66F5-49A6-B590-FBF37A478C41}.Debug|Any CPU.ActiveCfg = Debug|Any CPU
		{38CF9699-66F5-49A6-B590-FBF37A478C41}.Debug|Any CPU.Build.0 = Debug|Any CPU
		{38CF9699-66F5-49A6-B590-FBF37A478C41}.Release|Any CPU.ActiveCfg = Release|Any CPU
		{38CF9699-66F5-49A6-B590-FBF37A478C41}.Release|Any CPU.Build.0 = Release|Any CPU
	EndGlobalSection
	GlobalSection(SolutionProperties) = preSolution
		HideSolutionNode = FALSE
	EndGlobalSection
	GlobalSection(ExtensibilityGlobals) = postSolution
		SolutionGuid = {0E5D1FE2-EBA2-441B-888A-C2F76EC22F0A}
	EndGlobalSection
EndGlobal
